
Microsoft Visual Studio Solution File, Format Version 12.00
# Visual Studio Version 16
VisualStudioVersion = 16.0.31424.327
MinimumVisualStudioVersion = 10.0.40219.1
Project("{FAE04EC0-301F-11D3-BF4B-00C04F79EFBC}") = "Potenciador", "Potenciador.csproj", "{715FF6D1-9DA8-4682-B50C-52DDECCB5200}"
EndProject
Global
	GlobalSection(SolutionConfigurationPlatforms) = preSolution
		Debug|Any CPU = Debug|Any CPU
		Release|Any CPU = Release|Any CPU
	EndGlobalSection
	GlobalSection(ProjectConfigurationPlatforms) = postSolution
		{715FF6D1-9DA8-4682-B50C-52DDECCB5200}.Debug|Any CPU.ActiveCfg = Debug|Any CPU
		{715FF6D1-9DA8-4682-B50C-52DDECCB5200}.Debug|Any CPU.Build.0 = Debug|Any CPU
		{715FF6D1-9DA8-4682-B50C-52DDECCB5200}.Release|Any CPU.ActiveCfg = Release|Any CPU
		{715FF6D1-9DA8-4682-B50C-52DDECCB5200}.Release|Any CPU.Build.0 = Release|Any CPU
	EndGlobalSection
	GlobalSection(SolutionProperties) = preSolution
		HideSolutionNode = FALSE
	EndGlobalSection
	GlobalSection(ExtensibilityGlobals) = postSolution
		SolutionGuid = {3BB76078-F098-4AFB-9F43-93879BF40DF8}
	EndGlobalSection
EndGlobal
